
Microsoft Visual Studio Solution File, Format Version 12.00
# Visual Studio Version 16
VisualStudioVersion = 16.0.31624.102
MinimumVisualStudioVersion = 10.0.40219.1
Project("{FAE04EC0-301F-11D3-BF4B-00C04F79EFBC}") = "HammingCode", "HammingCode\HammingCode.csproj", "{17E2DCD5-4372-47F9-B451-0DB903B86706}"
EndProject
Global
	GlobalSection(SolutionConfigurationPlatforms) = preSolution
		Debug|Any CPU = Debug|Any CPU
		Release|Any CPU = Release|Any CPU
	EndGlobalSection
	GlobalSection(ProjectConfigurationPlatforms) = postSolution
		{17E2DCD5-4372-47F9-B451-0DB903B86706}.Debug|Any CPU.ActiveCfg = Debug|Any CPU
		{17E2DCD5-4372-47F9-B451-0DB903B86706}.Debug|Any CPU.Build.0 = Debug|Any CPU
		{17E2DCD5-4372-47F9-B451-0DB903B86706}.Release|Any CPU.ActiveCfg = Release|Any CPU
		{17E2DCD5-4372-47F9-B451-0DB903B86706}.Release|Any CPU.Build.0 = Release|Any CPU
	EndGlobalSection
	GlobalSection(SolutionProperties) = preSolution
		HideSolutionNode = FALSE
	EndGlobalSection
	GlobalSection(ExtensibilityGlobals) = postSolution
		SolutionGuid = {876B4006-A17A-40DF-BDD7-AD6E3FD3844A}
	EndGlobalSection
EndGlobal
